{
  "version": 4,
  "terraform_version": "1.0.5",
  "serial": 200,
  "lineage": "6c024f51-57cb-957d-c3fb-df5b55b47a3f",
  "outputs": {},
  "resources": [
    {
      "mode": "managed",
      "type": "google_compute_instance",
      "name": "default",
      "provider": "provider[\"registry.terraform.io/hashicorp/google\"]",
      "instances": [
        {
          "schema_version": 6,
          "attributes": {
            "advanced_machine_features": [],
            "allow_stopping_for_update": null,
            "attached_disk": [],
            "boot_disk": [
              {
                "auto_delete": true,
                "device_name": "persistent-disk-0",
                "disk_encryption_key_raw": "",
                "disk_encryption_key_sha256": "",
                "initialize_params": [
                  {
                    "image": "https://www.googleapis.com/compute/v1/projects/debian-cloud/global/images/debian-9-stretch-v20210817",
                    "labels": {},
                    "size": 10,
                    "type": "pd-standard"
                  }
                ],
                "kms_key_self_link": "",
                "mode": "READ_WRITE",
                "source": "https://www.googleapis.com/compute/v1/projects/just-amp-325919/zones/us-west2-b/disks/demo2"
              }
            ],
            "can_ip_forward": false,
            "confidential_instance_config": [],
            "cpu_platform": "Intel Skylake",
            "current_status": "RUNNING",
            "deletion_protection": false,
            "description": "",
            "desired_status": null,
            "enable_display": false,
            "guest_accelerator": [],
            "hostname": "",
            "id": "projects/just-amp-325919/zones/us-west2-b/instances/demo2",
            "instance_id": "7280502828784457498",
            "label_fingerprint": "42WmSpB8rSM=",
            "labels": {},
            "machine_type": "f1-micro",
            "metadata": {},
            "metadata_fingerprint": "T7qmFm_pKzI=",
            "metadata_startup_script": "",
            "min_cpu_platform": "",
            "name": "demo2",
            "network_interface": [
              {
                "access_config": [],
                "alias_ip_range": [],
                "name": "nic0",
                "network": "https://www.googleapis.com/compute/v1/projects/just-amp-325919/global/networks/default",
                "network_ip": "10.168.0.8",
                "nic_type": "",
                "subnetwork": "https://www.googleapis.com/compute/v1/projects/just-amp-325919/regions/us-west2/subnetworks/default",
                "subnetwork_project": "just-amp-325919"
              }
            ],
            "project": "just-amp-325919",
            "reservation_affinity": [],
            "resource_policies": [],
            "scheduling": [
              {
                "automatic_restart": true,
                "min_node_cpus": 0,
                "node_affinities": [],
                "on_host_maintenance": "MIGRATE",
                "preemptible": false
              }
            ],
            "scratch_disk": [],
            "self_link": "https://www.googleapis.com/compute/v1/projects/just-amp-325919/zones/us-west2-b/instances/demo2",
            "service_account": [],
            "shielded_instance_config": [],
            "tags": [],
            "tags_fingerprint": "42WmSpB8rSM=",
            "timeouts": null,
            "zone": "us-west2-b"
          },
          "sensitive_attributes": [],
          "private": "eyJlMmJmYjczMC1lY2FhLTExZTYtOGY4OC0zNDM2M2JjN2M0YzAiOnsiY3JlYXRlIjoxMjAwMDAwMDAwMDAwLCJkZWxldGUiOjEyMDAwMDAwMDAwMDAsInVwZGF0ZSI6MTIwMDAwMDAwMDAwMH0sInNjaGVtYV92ZXJzaW9uIjoiNiJ9"
        }
      ]
    },
    {
      "mode": "managed",
      "type": "google_compute_instance",
      "name": "default1",
      "provider": "provider[\"registry.terraform.io/hashicorp/google\"]",
      "instances": [
        {
          "schema_version": 6,
          "attributes": {
            "advanced_machine_features": [],
            "allow_stopping_for_update": null,
            "attached_disk": [],
            "boot_disk": [
              {
                "auto_delete": true,
                "device_name": "persistent-disk-0",
                "disk_encryption_key_raw": "",
                "disk_encryption_key_sha256": "",
                "initialize_params": [
                  {
                    "image": "https://www.googleapis.com/compute/v1/projects/debian-cloud/global/images/debian-9-stretch-v20210817",
                    "labels": {},
                    "size": 10,
                    "type": "pd-standard"
                  }
                ],
                "kms_key_self_link": "",
                "mode": "READ_WRITE",
                "source": "https://www.googleapis.com/compute/v1/projects/just-amp-325919/zones/us-west2-b/disks/demo3"
              }
            ],
            "can_ip_forward": false,
            "confidential_instance_config": [],
            "cpu_platform": "Intel Skylake",
            "current_status": "RUNNING",
            "deletion_protection": false,
            "description": "",
            "desired_status": null,
            "enable_display": false,
            "guest_accelerator": [],
            "hostname": "",
            "id": "projects/just-amp-325919/zones/us-west2-b/instances/demo3",
            "instance_id": "5938871421947909935",
            "label_fingerprint": "42WmSpB8rSM=",
            "labels": {},
            "machine_type": "f1-micro",
            "metadata": {},
            "metadata_fingerprint": "T7qmFm_pKzI=",
            "metadata_startup_script": "",
            "min_cpu_platform": "",
            "name": "demo3",
            "network_interface": [
              {
                "access_config": [],
                "alias_ip_range": [],
                "name": "nic0",
                "network": "https://www.googleapis.com/compute/v1/projects/just-amp-325919/global/networks/default",
                "network_ip": "10.168.0.7",
                "nic_type": "",
                "subnetwork": "https://www.googleapis.com/compute/v1/projects/just-amp-325919/regions/us-west2/subnetworks/default",
                "subnetwork_project": "just-amp-325919"
              }
            ],
            "project": "just-amp-325919",
            "reservation_affinity": [],
            "resource_policies": [],
            "scheduling": [
              {
                "automatic_restart": true,
                "min_node_cpus": 0,
                "node_affinities": [],
                "on_host_maintenance": "MIGRATE",
                "preemptible": false
              }
            ],
            "scratch_disk": [],
            "self_link": "https://www.googleapis.com/compute/v1/projects/just-amp-325919/zones/us-west2-b/instances/demo3",
            "service_account": [],
            "shielded_instance_config": [],
            "tags": [],
            "tags_fingerprint": "42WmSpB8rSM=",
            "timeouts": null,
            "zone": "us-west2-b"
          },
          "sensitive_attributes": [],
          "private": "eyJlMmJmYjczMC1lY2FhLTExZTYtOGY4OC0zNDM2M2JjN2M0YzAiOnsiY3JlYXRlIjoxMjAwMDAwMDAwMDAwLCJkZWxldGUiOjEyMDAwMDAwMDAwMDAsInVwZGF0ZSI6MTIwMDAwMDAwMDAwMH0sInNjaGVtYV92ZXJzaW9uIjoiNiJ9"
        }
      ]
    },
    {
      "mode": "managed",
      "type": "google_compute_instance",
      "name": "vm_instance",
      "provider": "provider[\"registry.terraform.io/hashicorp/google\"]",
      "instances": [
        {
          "schema_version": 6,
          "attributes": {
            "advanced_machine_features": [],
            "allow_stopping_for_update": null,
            "attached_disk": [],
            "boot_disk": [
              {
                "auto_delete": true,
                "device_name": "persistent-disk-0",
                "disk_encryption_key_raw": "",
                "disk_encryption_key_sha256": "",
                "initialize_params": [
                  {
                    "image": "https://www.googleapis.com/compute/v1/projects/debian-cloud/global/images/debian-9-stretch-v20210817",
                    "labels": {},
                    "size": 10,
                    "type": "pd-standard"
                  }
                ],
                "kms_key_self_link": "",
                "mode": "READ_WRITE",
                "source": "https://www.googleapis.com/compute/v1/projects/just-amp-325919/zones/us-west4-b/disks/demo1"
              }
            ],
            "can_ip_forward": false,
            "confidential_instance_config": [],
            "cpu_platform": "Intel Skylake",
            "current_status": "RUNNING",
            "deletion_protection": false,
            "description": "",
            "desired_status": null,
            "enable_display": false,
            "guest_accelerator": [],
            "hostname": "",
            "id": "projects/just-amp-325919/zones/us-west4-b/instances/demo1",
            "instance_id": "5201330906210277146",
            "label_fingerprint": "42WmSpB8rSM=",
            "labels": {},
            "machine_type": "f1-micro",
            "metadata": {},
            "metadata_fingerprint": "T7qmFm_pKzI=",
            "metadata_startup_script": "",
            "min_cpu_platform": "",
            "name": "demo1",
            "network_interface": [
              {
                "access_config": [],
                "alias_ip_range": [],
                "name": "nic0",
                "network": "https://www.googleapis.com/compute/v1/projects/just-amp-325919/global/networks/default",
                "network_ip": "10.182.0.7",
                "nic_type": "",
                "subnetwork": "https://www.googleapis.com/compute/v1/projects/just-amp-325919/regions/us-west4/subnetworks/default",
                "subnetwork_project": "just-amp-325919"
              }
            ],
            "project": "just-amp-325919",
            "reservation_affinity": [],
            "resource_policies": [],
            "scheduling": [
              {
                "automatic_restart": true,
                "min_node_cpus": 0,
                "node_affinities": [],
                "on_host_maintenance": "MIGRATE",
                "preemptible": false
              }
            ],
            "scratch_disk": [],
            "self_link": "https://www.googleapis.com/compute/v1/projects/just-amp-325919/zones/us-west4-b/instances/demo1",
            "service_account": [],
            "shielded_instance_config": [],
            "tags": [],
            "tags_fingerprint": "42WmSpB8rSM=",
            "timeouts": null,
            "zone": "us-west4-b"
          },
          "sensitive_attributes": [],
          "private": "eyJlMmJmYjczMC1lY2FhLTExZTYtOGY4OC0zNDM2M2JjN2M0YzAiOnsiY3JlYXRlIjoxMjAwMDAwMDAwMDAwLCJkZWxldGUiOjEyMDAwMDAwMDAwMDAsInVwZGF0ZSI6MTIwMDAwMDAwMDAwMH0sInNjaGVtYV92ZXJzaW9uIjoiNiJ9"
        }
      ]
    },
    {
      "module": "module.agent_policy.module.gcloud-destroy",
      "mode": "data",
      "type": "external",
      "name": "env_override",
      "provider": "provider[\"registry.terraform.io/hashicorp/external\"]",
      "instances": [
        {
          "index_key": 0,
          "schema_version": 0,
          "attributes": {
            "id": "-",
            "program": [
              ".terraform/modules/agent_policy.gcloud-destroy/scripts/check_env.sh"
            ],
            "query": null,
            "result": {
              "download": ""
            },
            "working_dir": null
          },
          "sensitive_attributes": []
        }
      ]
    },
    {
      "module": "module.agent_policy.module.gcloud-destroy",
      "mode": "managed",
      "type": "null_resource",
      "name": "additional_components",
      "provider": "provider[\"registry.terraform.io/hashicorp/null\"]",
      "instances": [
        {
          "index_key": 0,
          "schema_version": 0,
          "attributes": {
            "id": "677853124158014008",
            "triggers": {
              "additional_components_command": ".terraform/modules/agent_policy.gcloud-destroy/scripts/check_components.sh gcloud beta",
              "arguments": "caf9b6b99962bf5c2264824231d7a40c",
              "md5": "7f22bf39aaf5ce5980111c3587bef5b5"
            }
          },
          "sensitive_attributes": [],
          "private": "bnVsbA==",
          "dependencies": [
            "module.agent_policy.module.gcloud-destroy.null_resource.decompress",
            "module.agent_policy.module.gcloud-destroy.null_resource.download_gcloud",
            "module.agent_policy.module.gcloud-destroy.null_resource.download_jq",
            "module.agent_policy.module.gcloud-destroy.null_resource.module_depends_on",
            "module.agent_policy.module.gcloud-destroy.null_resource.prepare_cache",
            "module.agent_policy.module.gcloud-destroy.null_resource.upgrade",
            "module.agent_policy.module.gcloud-destroy.random_id.cache",
            "module.agent_policy.module.gcloud-destroy.data.external.env_override"
          ]
        }
      ]
    },
    {
      "module": "module.agent_policy.module.gcloud-destroy",
      "mode": "managed",
      "type": "null_resource",
      "name": "additional_components_destroy",
      "provider": "provider[\"registry.terraform.io/hashicorp/null\"]",
      "instances": [
        {
          "index_key": 0,
          "schema_version": 0,
          "attributes": {
            "id": "6748570684809688004",
            "triggers": {
              "additional_components_command": ".terraform/modules/agent_policy.gcloud-destroy/scripts/check_components.sh gcloud beta"
            }
          },
          "sensitive_attributes": [],
          "private": "bnVsbA==",
          "dependencies": [
            "module.agent_policy.module.gcloud-destroy.null_resource.decompress",
            "module.agent_policy.module.gcloud-destroy.null_resource.download_gcloud",
            "module.agent_policy.module.gcloud-destroy.null_resource.gcloud_auth_google_credentials",
            "module.agent_policy.module.gcloud-destroy.null_resource.module_depends_on",
            "module.agent_policy.module.gcloud-destroy.null_resource.upgrade",
            "module.agent_policy.module.gcloud-destroy.data.external.env_override",
            "module.agent_policy.module.gcloud-destroy.null_resource.additional_components",
            "module.agent_policy.module.gcloud-destroy.null_resource.download_jq",
            "module.agent_policy.module.gcloud-destroy.null_resource.gcloud_auth_service_account_key_file",
            "module.agent_policy.module.gcloud-destroy.null_resource.prepare_cache",
            "module.agent_policy.module.gcloud-destroy.null_resource.run_destroy_command",
            "module.agent_policy.module.gcloud-destroy.random_id.cache"
          ]
        }
      ]
    },
    {
      "module": "module.agent_policy.module.gcloud-destroy",
      "mode": "managed",
      "type": "null_resource",
      "name": "run_command",
      "provider": "provider[\"registry.terraform.io/hashicorp/null\"]",
      "instances": [
        {
          "index_key": 0,
          "schema_version": 0,
          "attributes": {
            "id": "3561357700751415759",
            "triggers": {
              "arguments": "caf9b6b99962bf5c2264824231d7a40c",
              "create_cmd_body": "info",
              "create_cmd_entrypoint": "gcloud",
              "gcloud_bin_abs_path": "/google-cloud-sdk/bin",
              "md5": "7f22bf39aaf5ce5980111c3587bef5b5"
            }
          },
          "sensitive_attributes": [],
          "private": "bnVsbA==",
          "dependencies": [
            "module.agent_policy.module.gcloud-destroy.null_resource.download_gcloud",
            "module.agent_policy.module.gcloud-destroy.null_resource.gcloud_auth_google_credentials",
            "module.agent_policy.module.gcloud-destroy.null_resource.upgrade",
            "module.agent_policy.module.gcloud-destroy.random_id.cache",
            "module.agent_policy.module.gcloud-destroy.null_resource.decompress",
            "module.agent_policy.module.gcloud-destroy.null_resource.additional_components",
            "module.agent_policy.module.gcloud-destroy.null_resource.download_jq",
            "module.agent_policy.module.gcloud-destroy.null_resource.gcloud_auth_service_account_key_file",
            "module.agent_policy.module.gcloud-destroy.null_resource.module_depends_on",
            "module.agent_policy.module.gcloud-destroy.null_resource.prepare_cache",
            "module.agent_policy.module.gcloud-destroy.data.external.env_override"
          ]
        }
      ]
    },
    {
      "module": "module.agent_policy.module.gcloud-destroy",
      "mode": "managed",
      "type": "null_resource",
      "name": "run_destroy_command",
      "provider": "provider[\"registry.terraform.io/hashicorp/null\"]",
      "instances": [
        {
          "index_key": 0,
          "schema_version": 0,
          "attributes": {
            "id": "3703949602345725949",
            "triggers": {
              "destroy_cmd_body": "just-amp-325919 \"ops-agents-policy\"",
              "destroy_cmd_entrypoint": "/Users/rickymarly/Desktop/dexcom_project/testRepo/.terraform/modules/agent_policy/modules/agent-policy/scripts/delete-script.sh",
              "gcloud_bin_abs_path": "/google-cloud-sdk/bin"
            }
          },
          "sensitive_attributes": [],
          "private": "bnVsbA==",
          "dependencies": [
            "module.agent_policy.module.gcloud-destroy.null_resource.upgrade",
            "module.agent_policy.module.gcloud-destroy.random_id.cache",
            "module.agent_policy.module.gcloud-destroy.null_resource.download_jq",
            "module.agent_policy.module.gcloud-destroy.null_resource.gcloud_auth_google_credentials",
            "module.agent_policy.module.gcloud-destroy.null_resource.module_depends_on",
            "module.agent_policy.module.gcloud-destroy.null_resource.prepare_cache",
            "module.agent_policy.module.gcloud-destroy.null_resource.gcloud_auth_service_account_key_file",
            "module.agent_policy.module.gcloud-destroy.data.external.env_override",
            "module.agent_policy.module.gcloud-destroy.null_resource.additional_components",
            "module.agent_policy.module.gcloud-destroy.null_resource.decompress",
            "module.agent_policy.module.gcloud-destroy.null_resource.download_gcloud"
          ]
        }
      ]
    },
    {
      "module": "module.agent_policy.module.gcloud-upsert",
      "mode": "data",
      "type": "external",
      "name": "env_override",
      "provider": "provider[\"registry.terraform.io/hashicorp/external\"]",
      "instances": [
        {
          "index_key": 0,
          "schema_version": 0,
          "attributes": {
            "id": "-",
            "program": [
              ".terraform/modules/agent_policy.gcloud-upsert/scripts/check_env.sh"
            ],
            "query": null,
            "result": {
              "download": ""
            },
            "working_dir": null
          },
          "sensitive_attributes": []
        }
      ]
    },
    {
      "module": "module.agent_policy.module.gcloud-upsert",
      "mode": "managed",
      "type": "null_resource",
      "name": "additional_components",
      "provider": "provider[\"registry.terraform.io/hashicorp/null\"]",
      "instances": [
        {
          "index_key": 0,
          "schema_version": 0,
          "attributes": {
            "id": "568099850905241313",
            "triggers": {
              "additional_components_command": ".terraform/modules/agent_policy.gcloud-upsert/scripts/check_components.sh gcloud beta",
              "arguments": "f8db5fd2457671106802c67a67fcb746",
              "md5": "e59c314a84722980db2faee7c8e5f6ad",
              "uuid": "1b1dce28-6ccf-8ca7-193d-5cbe29f2d86f"
            }
          },
          "sensitive_attributes": [],
          "private": "bnVsbA==",
          "dependencies": [
            "module.agent_policy.module.gcloud-upsert.data.external.env_override",
            "module.agent_policy.module.gcloud-upsert.null_resource.decompress",
            "module.agent_policy.module.gcloud-upsert.null_resource.upgrade",
            "module.agent_policy.module.gcloud-upsert.random_id.cache"
          ]
        }
      ]
    },
    {
      "module": "module.agent_policy.module.gcloud-upsert",
      "mode": "managed",
      "type": "null_resource",
      "name": "additional_components_destroy",
      "provider": "provider[\"registry.terraform.io/hashicorp/null\"]",
      "instances": [
        {
          "index_key": 0,
          "schema_version": 0,
          "attributes": {
            "id": "5564776503212849467",
            "triggers": {
              "additional_components_command": ".terraform/modules/agent_policy.gcloud-upsert/scripts/check_components.sh gcloud beta"
            }
          },
          "sensitive_attributes": [],
          "private": "bnVsbA==",
          "dependencies": [
            "module.agent_policy.module.gcloud-upsert.null_resource.gcloud_auth_service_account_key_file",
            "module.agent_policy.module.gcloud-upsert.null_resource.prepare_cache",
            "module.agent_policy.module.gcloud-upsert.null_resource.run_destroy_command",
            "module.agent_policy.module.gcloud-upsert.random_id.cache",
            "module.agent_policy.module.gcloud-upsert.data.external.env_override",
            "module.agent_policy.module.gcloud-upsert.null_resource.download_jq",
            "module.agent_policy.module.gcloud-upsert.null_resource.download_gcloud",
            "module.agent_policy.module.gcloud-upsert.null_resource.gcloud_auth_google_credentials",
            "module.agent_policy.module.gcloud-upsert.null_resource.module_depends_on",
            "module.agent_policy.module.gcloud-upsert.null_resource.upgrade",
            "module.agent_policy.module.gcloud-upsert.null_resource.additional_components",
            "module.agent_policy.module.gcloud-upsert.null_resource.decompress"
          ]
        }
      ]
    },
    {
      "module": "module.agent_policy.module.gcloud-upsert",
      "mode": "managed",
      "type": "null_resource",
      "name": "run_command",
      "provider": "provider[\"registry.terraform.io/hashicorp/null\"]",
      "instances": [
        {
          "index_key": 0,
          "schema_version": 0,
          "attributes": {
            "id": "6343952838081976451",
            "triggers": {
              "arguments": "f8db5fd2457671106802c67a67fcb746",
              "create_cmd_body": "just-amp-325919 \"ops-agents-policy\" \\\n\"\" \\\nW3siZW5hYmxlX2F1dG91cGdyYWRlIjp0cnVlLCJwYWNrYWdlX3N0YXRlIjoiaW5zdGFsbGVkIiwidHlwZSI6Im9wcy1hZ2VudCIsInZlcnNpb24iOiJjdXJyZW50LW1ham9yIn1d \\\nW10= \\\nW3sic2hvcnRfbmFtZSI6ImNlbnRvcyJ9LHsic2hvcnRfbmFtZSI6ImRlYmlhbiJ9LHsic2hvcnRfbmFtZSI6InJoZWwifSx7InNob3J0X25hbWUiOiJzbGVzIn0seyJzaG9ydF9uYW1lIjoic2xlc19zYXAifSx7InNob3J0X25hbWUiOiJ1YnVudHUifV0= \\\nW10= \\\nW10=\n",
              "create_cmd_entrypoint": "/Users/rickymarly/Desktop/dexcom_project/testRepo/.terraform/modules/agent_policy/modules/agent-policy/scripts/create-update-script.sh",
              "gcloud_bin_abs_path": "/google-cloud-sdk/bin",
              "md5": "e59c314a84722980db2faee7c8e5f6ad",
              "uuid": "1b1dce28-6ccf-8ca7-193d-5cbe29f2d86f"
            }
          },
          "sensitive_attributes": [],
          "private": "bnVsbA==",
          "dependencies": [
            "module.agent_policy.module.gcloud-upsert.data.external.env_override",
            "module.agent_policy.module.gcloud-upsert.null_resource.additional_components",
            "module.agent_policy.module.gcloud-upsert.null_resource.decompress",
            "module.agent_policy.module.gcloud-upsert.null_resource.gcloud_auth_google_credentials",
            "module.agent_policy.module.gcloud-upsert.null_resource.gcloud_auth_service_account_key_file",
            "module.agent_policy.module.gcloud-upsert.null_resource.module_depends_on",
            "module.agent_policy.module.gcloud-upsert.null_resource.upgrade",
            "module.agent_policy.module.gcloud-upsert.random_id.cache"
          ]
        }
      ]
    },
    {
      "module": "module.agent_policy.module.gcloud-upsert",
      "mode": "managed",
      "type": "null_resource",
      "name": "run_destroy_command",
      "provider": "provider[\"registry.terraform.io/hashicorp/null\"]",
      "instances": [
        {
          "index_key": 0,
          "schema_version": 0,
          "attributes": {
            "id": "3524684683863273564",
            "triggers": {
              "destroy_cmd_body": "info",
              "destroy_cmd_entrypoint": "gcloud",
              "gcloud_bin_abs_path": "/google-cloud-sdk/bin",
              "uuid": "1b1dce28-6ccf-8ca7-193d-5cbe29f2d86f"
            }
          },
          "sensitive_attributes": [],
          "private": "bnVsbA==",
          "dependencies": [
            "module.agent_policy.module.gcloud-upsert.data.external.env_override",
            "module.agent_policy.module.gcloud-upsert.null_resource.additional_components",
            "module.agent_policy.module.gcloud-upsert.null_resource.decompress",
            "module.agent_policy.module.gcloud-upsert.null_resource.gcloud_auth_google_credentials",
            "module.agent_policy.module.gcloud-upsert.null_resource.gcloud_auth_service_account_key_file",
            "module.agent_policy.module.gcloud-upsert.null_resource.module_depends_on",
            "module.agent_policy.module.gcloud-upsert.null_resource.upgrade",
            "module.agent_policy.module.gcloud-upsert.random_id.cache"
          ]
        }
      ]
    }
  ]
}
